
Microsoft Visual Studio Solution File, Format Version 12.00
# Visual Studio Version 17
VisualStudioVersion = 17.14.37531.7 d17.14
MinimumVisualStudioVersion = 10.0.40219.1
Project("{FAE04EC0-301F-11D3-BF4B-00C04F79EFBC}") = "AmadisIRM", "AmadisIRM.csproj", "{30B46C42-A013-4EC9-B3C5-20C91CC911D6}"
EndProject
Global
	GlobalSection(SolutionConfigurationPlatforms) = preSolution
		Debug|Any CPU = Debug|Any CPU
		Release|Any CPU = Release|Any CPU
	EndGlobalSection
	GlobalSection(ProjectConfigurationPlatforms) = postSolution
		{30B46C42-A013-4EC9-B3C5-20C91CC911D6}.Debug|Any CPU.ActiveCfg = Debug|Any CPU
		{30B46C42-A013-4EC9-B3C5-20C91CC911D6}.Debug|Any CPU.Build.0 = Debug|Any CPU
		{30B46C42-A013-4EC9-B3C5-20C91CC911D6}.Release|Any CPU.ActiveCfg = Release|Any CPU
		{30B46C42-A013-4EC9-B3C5-20C91CC911D6}.Release|Any CPU.Build.0 = Release|Any CPU
	EndGlobalSection
	GlobalSection(SolutionProperties) = preSolution
		HideSolutionNode = FALSE
	EndGlobalSection
	GlobalSection(ExtensibilityGlobals) = postSolution
		SolutionGuid = {728D7FCF-F4C7-40FA-B2C6-4F816A625B50}
	EndGlobalSection
EndGlobal
