
Microsoft Visual Studio Solution File, Format Version 12.00
# Visual Studio Version 17
VisualStudioVersion = 17.14.37531.7 d17.14
MinimumVisualStudioVersion = 10.0.40219.1
Project("{FAE04EC0-301F-11D3-BF4B-00C04F79EFBC}") = "Day - 6", "Day - 6.csproj", "{34D22491-D423-4F0C-84A0-71D2423BBAF5}"
EndProject
Global
	GlobalSection(SolutionConfigurationPlatforms) = preSolution
		Debug|Any CPU = Debug|Any CPU
		Release|Any CPU = Release|Any CPU
	EndGlobalSection
	GlobalSection(ProjectConfigurationPlatforms) = postSolution
		{34D22491-D423-4F0C-84A0-71D2423BBAF5}.Debug|Any CPU.ActiveCfg = Debug|Any CPU
		{34D22491-D423-4F0C-84A0-71D2423BBAF5}.Debug|Any CPU.Build.0 = Debug|Any CPU
		{34D22491-D423-4F0C-84A0-71D2423BBAF5}.Release|Any CPU.ActiveCfg = Release|Any CPU
		{34D22491-D423-4F0C-84A0-71D2423BBAF5}.Release|Any CPU.Build.0 = Release|Any CPU
	EndGlobalSection
	GlobalSection(SolutionProperties) = preSolution
		HideSolutionNode = FALSE
	EndGlobalSection
	GlobalSection(ExtensibilityGlobals) = postSolution
		SolutionGuid = {3797AFE9-9443-4924-9D27-C21582E16362}
	EndGlobalSection
EndGlobal
